
Microsoft Visual Studio Solution File, Format Version 12.00
# Visual Studio Version 16
VisualStudioVersion = 16.0.29613.14
MinimumVisualStudioVersion = 10.0.40219.1
Project("{9A19103F-16F7-4668-BE54-9A1E7A4F7556}") = "TW.Vault.App", "TW.Vault.App\TW.Vault.App.csproj", "{E09383BA-4A48-4A52-BB50-3192245C658F}"
EndProject
Project("{9A19103F-16F7-4668-BE54-9A1E7A4F7556}") = "TW.Testing", "TW.Testing\TW.Testing.csproj", "{5DE5A0DB-6C67-48F3-B65C-374706DE0058}"
EndProject
Project("{9A19103F-16F7-4668-BE54-9A1E7A4F7556}") = "TW.ConfigurationFetcher", "TW.ConfigurationFetcher\TW.ConfigurationFetcher.csproj", "{9116426F-5D10-47F8-84E0-35DDCC8FDDE6}"
EndProject
Project("{9A19103F-16F7-4668-BE54-9A1E7A4F7556}") = "TW.Vault.Lib", "TW.Vault.Lib\TW.Vault.Lib.csproj", "{44699EFB-0BCF-42FD-A17F-51A27C531B3E}"
EndProject
Project("{9A19103F-16F7-4668-BE54-9A1E7A4F7556}") = "TW.Vault.MapDataFetcher", "TW.Vault.MapDataFetcher\TW.Vault.MapDataFetcher.csproj", "{D965091C-A23E-47BE-8012-6F1263B6404A}"
EndProject
Project("{9A19103F-16F7-4668-BE54-9A1E7A4F7556}") = "TW.Vault.Migration", "TW.Vault.Migration\TW.Vault.Migration.csproj", "{04EC02DB-142E-4481-B28D-D39BEBE35615}"
EndProject
Project("{9A19103F-16F7-4668-BE54-9A1E7A4F7556}") = "TW.Vault.Manage", "TW.Vault.Manage\TW.Vault.Manage.csproj", "{081053A3-5FE4-4D3A-956D-715481581DF3}"
EndProject
Project("{2150E333-8FDC-42A3-9474-1A3956D46DE8}") = "Utilities", "Utilities", "{0B2A036E-B30D-4168-BE24-9770463831C0}"
EndProject
Project("{2150E333-8FDC-42A3-9474-1A3956D46DE8}") = "Support", "Support", "{4DF5DCBE-8884-4793-A94C-A21FE78AD5CD}"
EndProject
Global
	GlobalSection(SolutionConfigurationPlatforms) = preSolution
		Debug|Any CPU = Debug|Any CPU
		Debug|x64 = Debug|x64
		Release|Any CPU = Release|Any CPU
		Release|x64 = Release|x64
	EndGlobalSection
	GlobalSection(ProjectConfigurationPlatforms) = postSolution
		{E09383BA-4A48-4A52-BB50-3192245C658F}.Debug|Any CPU.ActiveCfg = Debug|Any CPU
		{E09383BA-4A48-4A52-BB50-3192245C658F}.Debug|Any CPU.Build.0 = Debug|Any CPU
		{E09383BA-4A48-4A52-BB50-3192245C658F}.Debug|x64.ActiveCfg = Debug|x64
		{E09383BA-4A48-4A52-BB50-3192245C658F}.Debug|x64.Build.0 = Debug|x64
		{E09383BA-4A48-4A52-BB50-3192245C658F}.Release|Any CPU.ActiveCfg = Release|Any CPU
		{E09383BA-4A48-4A52-BB50-3192245C658F}.Release|Any CPU.Build.0 = Release|Any CPU
		{E09383BA-4A48-4A52-BB50-3192245C658F}.Release|x64.ActiveCfg = Release|x64
		{E09383BA-4A48-4A52-BB50-3192245C658F}.Release|x64.Build.0 = Release|x64
		{5DE5A0DB-6C67-48F3-B65C-374706DE0058}.Debug|Any CPU.ActiveCfg = Debug|Any CPU
		{5DE5A0DB-6C67-48F3-B65C-374706DE0058}.Debug|Any CPU.Build.0 = Debug|Any CPU
		{5DE5A0DB-6C67-48F3-B65C-374706DE0058}.Debug|x64.ActiveCfg = Debug|x64
		{5DE5A0DB-6C67-48F3-B65C-374706DE0058}.Debug|x64.Build.0 = Debug|x64
		{5DE5A0DB-6C67-48F3-B65C-374706DE0058}.Release|Any CPU.ActiveCfg = Release|Any CPU
		{5DE5A0DB-6C67-48F3-B65C-374706DE0058}.Release|Any CPU.Build.0 = Release|Any CPU
		{5DE5A0DB-6C67-48F3-B65C-374706DE0058}.Release|x64.ActiveCfg = Release|x64
		{5DE5A0DB-6C67-48F3-B65C-374706DE0058}.Release|x64.Build.0 = Release|x64
		{9116426F-5D10-47F8-84E0-35DDCC8FDDE6}.Debug|Any CPU.ActiveCfg = Debug|Any CPU
		{9116426F-5D10-47F8-84E0-35DDCC8FDDE6}.Debug|Any CPU.Build.0 = Debug|Any CPU
		{9116426F-5D10-47F8-84E0-35DDCC8FDDE6}.Debug|x64.ActiveCfg = Debug|Any CPU
		{9116426F-5D10-47F8-84E0-35DDCC8FDDE6}.Debug|x64.Build.0 = Debug|Any CPU
		{9116426F-5D10-47F8-84E0-35DDCC8FDDE6}.Release|Any CPU.ActiveCfg = Release|Any CPU
		{9116426F-5D10-47F8-84E0-35DDCC8FDDE6}.Release|Any CPU.Build.0 = Release|Any CPU
		{9116426F-5D10-47F8-84E0-35DDCC8FDDE6}.Release|x64.ActiveCfg = Release|Any CPU
		{9116426F-5D10-47F8-84E0-35DDCC8FDDE6}.Release|x64.Build.0 = Release|Any CPU
		{44699EFB-0BCF-42FD-A17F-51A27C531B3E}.Debug|Any CPU.ActiveCfg = Debug|Any CPU
		{44699EFB-0BCF-42FD-A17F-51A27C531B3E}.Debug|Any CPU.Build.0 = Debug|Any CPU
		{44699EFB-0BCF-42FD-A17F-51A27C531B3E}.Debug|x64.ActiveCfg = Debug|Any CPU
		{44699EFB-0BCF-42FD-A17F-51A27C531B3E}.Debug|x64.Build.0 = Debug|Any CPU
		{44699EFB-0BCF-42FD-A17F-51A27C531B3E}.Release|Any CPU.ActiveCfg = Release|Any CPU
		{44699EFB-0BCF-42FD-A17F-51A27C531B3E}.Release|Any CPU.Build.0 = Release|Any CPU
		{44699EFB-0BCF-42FD-A17F-51A27C531B3E}.Release|x64.ActiveCfg = Release|Any CPU
		{44699EFB-0BCF-42FD-A17F-51A27C531B3E}.Release|x64.Build.0 = Release|Any CPU
		{D965091C-A23E-47BE-8012-6F1263B6404A}.Debug|Any CPU.ActiveCfg = Debug|Any CPU
		{D965091C-A23E-47BE-8012-6F1263B6404A}.Debug|Any CPU.Build.0 = Debug|Any CPU
		{D965091C-A23E-47BE-8012-6F1263B6404A}.Debug|x64.ActiveCfg = Debug|x64
		{D965091C-A23E-47BE-8012-6F1263B6404A}.Debug|x64.Build.0 = Debug|x64
		{D965091C-A23E-47BE-8012-6F1263B6404A}.Release|Any CPU.ActiveCfg = Release|Any CPU
		{D965091C-A23E-47BE-8012-6F1263B6404A}.Release|Any CPU.Build.0 = Release|Any CPU
		{D965091C-A23E-47BE-8012-6F1263B6404A}.Release|x64.ActiveCfg = Release|x64
		{D965091C-A23E-47BE-8012-6F1263B6404A}.Release|x64.Build.0 = Release|x64
		{04EC02DB-142E-4481-B28D-D39BEBE35615}.Debug|Any CPU.ActiveCfg = Debug|Any CPU
		{04EC02DB-142E-4481-B28D-D39BEBE35615}.Debug|Any CPU.Build.0 = Debug|Any CPU
		{04EC02DB-142E-4481-B28D-D39BEBE35615}.Debug|x64.ActiveCfg = Debug|x64
		{04EC02DB-142E-4481-B28D-D39BEBE35615}.Debug|x64.Build.0 = Debug|x64
		{04EC02DB-142E-4481-B28D-D39BEBE35615}.Release|Any CPU.ActiveCfg = Release|Any CPU
		{04EC02DB-142E-4481-B28D-D39BEBE35615}.Release|Any CPU.Build.0 = Release|Any CPU
		{04EC02DB-142E-4481-B28D-D39BEBE35615}.Release|x64.ActiveCfg = Release|x64
		{04EC02DB-142E-4481-B28D-D39BEBE35615}.Release|x64.Build.0 = Release|x64
		{081053A3-5FE4-4D3A-956D-715481581DF3}.Debug|Any CPU.ActiveCfg = Debug|Any CPU
		{081053A3-5FE4-4D3A-956D-715481581DF3}.Debug|Any CPU.Build.0 = Debug|Any CPU
		{081053A3-5FE4-4D3A-956D-715481581DF3}.Debug|x64.ActiveCfg = Debug|Any CPU
		{081053A3-5FE4-4D3A-956D-715481581DF3}.Debug|x64.Build.0 = Debug|Any CPU
		{081053A3-5FE4-4D3A-956D-715481581DF3}.Release|Any CPU.ActiveCfg = Release|Any CPU
		{081053A3-5FE4-4D3A-956D-715481581DF3}.Release|Any CPU.Build.0 = Release|Any CPU
		{081053A3-5FE4-4D3A-956D-715481581DF3}.Release|x64.ActiveCfg = Release|Any CPU
		{081053A3-5FE4-4D3A-956D-715481581DF3}.Release|x64.Build.0 = Release|Any CPU
	EndGlobalSection
	GlobalSection(SolutionProperties) = preSolution
		HideSolutionNode = FALSE
	EndGlobalSection
	GlobalSection(NestedProjects) = preSolution
		{5DE5A0DB-6C67-48F3-B65C-374706DE0058} = {0B2A036E-B30D-4168-BE24-9770463831C0}
		{9116426F-5D10-47F8-84E0-35DDCC8FDDE6} = {0B2A036E-B30D-4168-BE24-9770463831C0}
		{D965091C-A23E-47BE-8012-6F1263B6404A} = {4DF5DCBE-8884-4793-A94C-A21FE78AD5CD}
		{04EC02DB-142E-4481-B28D-D39BEBE35615} = {4DF5DCBE-8884-4793-A94C-A21FE78AD5CD}
		{081053A3-5FE4-4D3A-956D-715481581DF3} = {4DF5DCBE-8884-4793-A94C-A21FE78AD5CD}
	EndGlobalSection
	GlobalSection(ExtensibilityGlobals) = postSolution
		SolutionGuid = {44D54FBD-F2F4-418E-8F42-BCA7367C7022}
	EndGlobalSection
EndGlobal
